// !$*UTF8*$!
{
	archiveVersion = 1;
	classes = {
	};
	objectVersion = 77;
	objects = {

/* Begin PBXBuildFile section */
		65846ADF2E840D9E00D0C78A /* KeychainSwift in Frameworks */ = {isa = PBXBuildFile; productRef = 65846ADE2E840D9E00D0C78A /* KeychainSwift */; };
/* End PBXBuildFile section */

/* Begin PBXContainerItemProxy section */
		654F45412E2FAB9700E9F256 /* PBXContainerItemProxy */ = {
			isa = PBXContainerItemProxy;
			containerPortal = 654F45262E2FAB9600E9F256 /* Project object */;
			proxyType = 1;
			remoteGlobalIDString = 654F452D2E2FAB9600E9F256;
			remoteInfo = "Cocktails 4.0";
		};
		654F454B2E2FAB9700E9F256 /* PBXContainerItemProxy */ = {
			isa = PBXContainerItemProxy;
			containerPortal = 654F45262E2FAB9600E9F256 /* Project object */;
			proxyType = 1;
			remoteGlobalIDString = 654F452D2E2FAB9600E9F256;
			remoteInfo = "Cocktails 4.0";
		};
/* End PBXContainerItemProxy section */

/* Begin PBXFileReference section */
		654F452E2E2FAB9600E9F256 /* Cocktails 4.0.app */ = {isa = PBXFileReference; explicitFileType = wrapper.application; includeInIndex = 0; path = "Cocktails 4.0.app"; sourceTree = BUILT_PRODUCTS_DIR; };
		654F45402E2FAB9700E9F256 /* Cocktails 4.0Tests.xctest */ = {isa = PBXFileReference; explicitFileType = wrapper.cfbundle; includeInIndex = 0; path = "Cocktails 4.0Tests.xctest"; sourceTree = BUILT_PRODUCTS_DIR; };
		654F454A2E2FAB9700E9F256 /* Cocktails 4.0UITests.xctest */ = {isa = PBXFileReference; explicitFileType = wrapper.cfbundle; includeInIndex = 0; path = "Cocktails 4.0UITests.xctest"; sourceTree = BUILT_PRODUCTS_DIR; };
/* End PBXFileReference section */

/* Begin PBXFileSystemSynchronizedRootGroup section */
		654F45302E2FAB9600E9F256 /* Cocktails 4.0 */ = {
			isa = PBXFileSystemSynchronizedRootGroup;
			path = "Cocktails 4.0";
			sourceTree = "<group>";
		};
		654F45432E2FAB9700E9F256 /* Cocktails 4.0Tests */ = {
			isa = PBXFileSystemSynchronizedRootGroup;
			path = "Cocktails 4.0Tests";
			sourceTree = "<group>";
		};
		654F454D2E2FAB9700E9F256 /* Cocktails 4.0UITests */ = {
			isa = PBXFileSystemSynchronizedRootGroup;
			path = "Cocktails 4.0UITests";
			sourceTree = "<group>";
		};
/* End PBXFileSystemSynchronizedRootGroup section */

/* Begin PBXFrameworksBuildPhase section */
		654F452B2E2FAB9600E9F256 /* Frameworks */ = {
			isa = PBXFrameworksBuildPhase;
			buildActionMask = 2147483647;
			files = (
				65846ADF2E840D9E00D0C78A /* KeychainSwift in Frameworks */,
			);
			runOnlyForDeploymentPostprocessing = 0;
		};
		654F453D2E2FAB9700E9F256 /* Frameworks */ = {
			isa = PBXFrameworksBuildPhase;
			buildActionMask = 2147483647;
			files = (
			);
			runOnlyForDeploymentPostprocessing = 0;
		};
		654F45472E2FAB9700E9F256 /* Frameworks */ = {
			isa = PBXFrameworksBuildPhase;
			buildActionMask = 2147483647;
			files = (
			);
			runOnlyForDeploymentPostprocessing = 0;
		};
/* End PBXFrameworksBuildPhase section */

/* Begin PBXGroup section */
		654F45252E2FAB9600E9F256 = {
			isa = PBXGroup;
			children = (
				654F45302E2FAB9600E9F256 /* Cocktails 4.0 */,
				654F45432E2FAB9700E9F256 /* Cocktails 4.0Tests */,
				654F454D2E2FAB9700E9F256 /* Cocktails 4.0UITests */,
				654F452F2E2FAB9600E9F256 /* Products */,
			);
			sourceTree = "<group>";
		};
		654F452F2E2FAB9600E9F256 /* Products */ = {
			isa = PBXGroup;
			children = (
				654F452E2E2FAB9600E9F256 /* Cocktails 4.0.app */,
				654F45402E2FAB9700E9F256 /* Cocktails 4.0Tests.xctest */,
				654F454A2E2FAB9700E9F256 /* Cocktails 4.0UITests.xctest */,
			);
			name = Products;
			sourceTree = "<group>";
		};
/* End PBXGroup section */

/* Begin PBXNativeTarget section */
		654F452D2E2FAB9600E9F256 /* Cocktails 4.0 */ = {
			isa = PBXNativeTarget;
			buildConfigurationList = 654F45542E2FAB9700E9F256 /* Build configuration list for PBXNativeTarget "Cocktails 4.0" */;
			buildPhases = (
				654F452A2E2FAB9600E9F256 /* Sources */,
				654F452B2E2FAB9600E9F256 /* Frameworks */,
				654F452C2E2FAB9600E9F256 /* Resources */,
			);
			buildRules = (
			);
			dependencies = (
			);
			fileSystemSynchronizedGroups = (
				654F45302E2FAB9600E9F256 /* Cocktails 4.0 */,
			);
			name = "Cocktails 4.0";
			packageProductDependencies = (
				65846ADE2E840D9E00D0C78A /* KeychainSwift */,
			);
			productName = "Cocktails 4.0";
			productReference = 654F452E2E2FAB9600E9F256 /* Cocktails 4.0.app */;
			productType = "com.apple.product-type.application";
		};
		654F453F2E2FAB9700E9F256 /* Cocktails 4.0Tests */ = {
			isa = PBXNativeTarget;
			buildConfigurationList = 654F45572E2FAB9700E9F256 /* Build configuration list for PBXNativeTarget "Cocktails 4.0Tests" */;
			buildPhases = (
				654F453C2E2FAB9700E9F256 /* Sources */,
				654F453D2E2FAB9700E9F256 /* Frameworks */,
				654F453E2E2FAB9700E9F256 /* Resources */,
			);
			buildRules = (
			);
			dependencies = (
				654F45422E2FAB9700E9F256 /* PBXTargetDependency */,
			);
			fileSystemSynchronizedGroups = (
				654F45432E2FAB9700E9F256 /* Cocktails 4.0Tests */,
			);
			name = "Cocktails 4.0Tests";
			packageProductDependencies = (
			);
			productName = "Cocktails 4.0Tests";
			productReference = 654F45402E2FAB9700E9F256 /* Cocktails 4.0Tests.xctest */;
			productType = "com.apple.product-type.bundle.unit-test";
		};
		654F45492E2FAB9700E9F256 /* Cocktails 4.0UITests */ = {
			isa = PBXNativeTarget;
			buildConfigurationList = 654F455A2E2FAB9700E9F256 /* Build configuration list for PBXNativeTarget "Cocktails 4.0UITests" */;
			buildPhases = (
				654F45462E2FAB9700E9F256 /* Sources */,
				654F45472E2FAB9700E9F256 /* Frameworks */,
				654F45482E2FAB9700E9F256 /* Resources */,
			);
			buildRules = (
			);
			dependencies = (
				654F454C2E2FAB9700E9F256 /* PBXTargetDependency */,
			);
			fileSystemSynchronizedGroups = (
				654F454D2E2FAB9700E9F256 /* Cocktails 4.0UITests */,
			);
			name = "Cocktails 4.0UITests";
			packageProductDependencies = (
			);
			productName = "Cocktails 4.0UITests";
			productReference = 654F454A2E2FAB9700E9F256 /* Cocktails 4.0UITests.xctest */;
			productType = "com.apple.product-type.bundle.ui-testing";
		};
/* End PBXNativeTarget section */

/* Begin PBXProject section */
		654F45262E2FAB9600E9F256 /* Project object */ = {
			isa = PBXProject;
			attributes = {
				BuildIndependentTargetsInParallel = 1;
				LastSwiftUpdateCheck = 1620;
				LastUpgradeCheck = 1620;
				TargetAttributes = {
					654F452D2E2FAB9600E9F256 = {
						CreatedOnToolsVersion = 16.2;
					};
					654F453F2E2FAB9700E9F256 = {
						CreatedOnToolsVersion = 16.2;
						TestTargetID = 654F452D2E2FAB9600E9F256;
					};
					654F45492E2FAB9700E9F256 = {
						CreatedOnToolsVersion = 16.2;
						TestTargetID = 654F452D2E2FAB9600E9F256;
					};
				};
			};
			buildConfigurationList = 654F45292E2FAB9600E9F256 /* Build configuration list for PBXProject "Cocktails 4.0" */;
			developmentRegion = en;
			hasScannedForEncodings = 0;
			knownRegions = (
				en,
				Base,
			);
			mainGroup = 654F45252E2FAB9600E9F256;
			minimizedProjectReferenceProxies = 1;
			packageReferences = (
				65846ADD2E840D9E00D0C78A /* XCRemoteSwiftPackageReference "keychain-swift" */,
			);
			preferredProjectObjectVersion = 77;
			productRefGroup = 654F452F2E2FAB9600E9F256 /* Products */;
			projectDirPath = "";
			projectRoot = "";
			targets = (
				654F452D2E2FAB9600E9F256 /* Cocktails 4.0 */,
				654F453F2E2FAB9700E9F256 /* Cocktails 4.0Tests */,
				654F45492E2FAB9700E9F256 /* Cocktails 4.0UITests */,
			);
		};
/* End PBXProject section */

/* Begin PBXResourcesBuildPhase section */
		654F452C2E2FAB9600E9F256 /* Resources */ = {
			isa = PBXResourcesBuildPhase;
			buildActionMask = 2147483647;
			files = (
			);
			runOnlyForDeploymentPostprocessing = 0;
		};
		654F453E2E2FAB9700E9F256 /* Resources */ = {
			isa = PBXResourcesBuildPhase;
			buildActionMask = 2147483647;
			files = (
			);
			runOnlyForDeploymentPostprocessing = 0;
		};
		654F45482E2FAB9700E9F256 /* Resources */ = {
			isa = PBXResourcesBuildPhase;
			buildActionMask = 2147483647;
			files = (
			);
			runOnlyForDeploymentPostprocessing = 0;
		};
/* End PBXResourcesBuildPhase section */

/* Begin PBXSourcesBuildPhase section */
		654F452A2E2FAB9600E9F256 /* Sources */ = {
			isa = PBXSourcesBuildPhase;
			buildActionMask = 2147483647;
			files = (
			);
			runOnlyForDeploymentPostprocessing = 0;
		};
		654F453C2E2FAB9700E9F256 /* Sources */ = {
			isa = PBXSourcesBuildPhase;
			buildActionMask = 2147483647;
			files = (
			);
			runOnlyForDeploymentPostprocessing = 0;
		};
		654F45462E2FAB9700E9F256 /* Sources */ = {
			isa = PBXSourcesBuildPhase;
			buildActionMask = 2147483647;
			files = (
			);
			runOnlyForDeploymentPostprocessing = 0;
		};
/* End PBXSourcesBuildPhase section */

/* Begin PBXTargetDependency section */
		654F45422E2FAB9700E9F256 /* PBXTargetDependency */ = {
			isa = PBXTargetDependency;
			target = 654F452D2E2FAB9600E9F256 /* Cocktails 4.0 */;
			targetProxy = 654F45412E2FAB9700E9F256 /* PBXContainerItemProxy */;
		};
		654F454C2E2FAB9700E9F256 /* PBXTargetDependency */ = {
			isa = PBXTargetDependency;
			target = 654F452D2E2FAB9600E9F256 /* Cocktails 4.0 */;
			targetProxy = 654F454B2E2FAB9700E9F256 /* PBXContainerItemProxy */;
		};
/* End PBXTargetDependency section */

/* Begin XCBuildConfiguration section */
		654F45522E2FAB9700E9F256 /* Debug */ = {
			isa = XCBuildConfiguration;
			buildSettings = {
				ALWAYS_SEARCH_USER_PATHS = NO;
				ASSETCATALOG_COMPILER_GENERATE_SWIFT_ASSET_SYMBOL_EXTENSIONS = YES;
				CLANG_ANALYZER_NONNULL = YES;
				CLANG_ANALYZER_NUMBER_OBJECT_CONVERSION = YES_AGGRESSIVE;
				CLANG_CXX_LANGUAGE_STANDARD = "gnu++20";
				CLANG_ENABLE_MODULES = YES;
				CLANG_ENABLE_OBJC_ARC = YES;
				CLANG_ENABLE_OBJC_WEAK = YES;
				CLANG_WARN_BLOCK_CAPTURE_AUTORELEASING = YES;
				CLANG_WARN_BOOL_CONVERSION = YES;
				CLANG_WARN_COMMA = YES;
				CLANG_WARN_CONSTANT_CONVERSION = YES;
				CLANG_WARN_DEPRECATED_OBJC_IMPLEMENTATIONS = YES;
				CLANG_WARN_DIRECT_OBJC_ISA_USAGE = YES_ERROR;
				CLANG_WARN_DOCUMENTATION_COMMENTS = YES;
				CLANG_WARN_EMPTY_BODY = YES;
				CLANG_WARN_ENUM_CONVERSION = YES;
				CLANG_WARN_INFINITE_RECURSION = YES;
				CLANG_WARN_INT_CONVERSION = YES;
				CLANG_WARN_NON_LITERAL_NULL_CONVERSION = YES;
				CLANG_WARN_OBJC_IMPLICIT_RETAIN_SELF = YES;
				CLANG_WARN_OBJC_LITERAL_CONVERSION = YES;
				CLANG_WARN_OBJC_ROOT_CLASS = YES_ERROR;
				CLANG_WARN_QUOTED_INCLUDE_IN_FRAMEWORK_HEADER = YES;
				CLANG_WARN_RANGE_LOOP_ANALYSIS = YES;
				CLANG_WARN_STRICT_PROTOTYPES = YES;
				CLANG_WARN_SUSPICIOUS_MOVE = YES;
				CLANG_WARN_UNGUARDED_AVAILABILITY = YES_AGGRESSIVE;
				CLANG_WARN_UNREACHABLE_CODE = YES;
				CLANG_WARN__DUPLICATE_METHOD_MATCH = YES;
				COPY_PHASE_STRIP = NO;
				DEBUG_INFORMATION_FORMAT = dwarf;
				ENABLE_STRICT_OBJC_MSGSEND = YES;
				ENABLE_TESTABILITY = YES;
				ENABLE_USER_SCRIPT_SANDBOXING = YES;
				GCC_C_LANGUAGE_STANDARD = gnu17;
				GCC_DYNAMIC_NO_PIC = NO;
				GCC_NO_COMMON_BLOCKS = YES;
				GCC_OPTIMIZATION_LEVEL = 0;
				GCC_PREPROCESSOR_DEFINITIONS = (
					"DEBUG=1",
					"$(inherited)",
				);
				GCC_WARN_64_TO_32_BIT_CONVERSION = YES;
				GCC_WARN_ABOUT_RETURN_TYPE = YES_ERROR;
				GCC_WARN_UNDECLARED_SELECTOR = YES;
				GCC_WARN_UNINITIALIZED_AUTOS = YES_AGGRESSIVE;
				GCC_WARN_UNUSED_FUNCTION = YES;
				GCC_WARN_UNUSED_VARIABLE = YES;
				IPHONEOS_DEPLOYMENT_TARGET = 18.2;
				LOCALIZATION_PREFERS_STRING_CATALOGS = YES;
				MTL_ENABLE_DEBUG_INFO = INCLUDE_SOURCE;
				MTL_FAST_MATH = YES;
				ONLY_ACTIVE_ARCH = YES;
				SDKROOT = iphoneos;
				SWIFT_ACTIVE_COMPILATION_CONDITIONS = "DEBUG $(inherited)";
				SWIFT_OPTIMIZATION_LEVEL = "-Onone";
			};
			name = Debug;
		};
		654F45532E2FAB9700E9F256 /* Release */ = {
			isa = XCBuildConfiguration;
			buildSettings = {
				ALWAYS_SEARCH_USER_PATHS = NO;
				ASSETCATALOG_COMPILER_GENERATE_SWIFT_ASSET_SYMBOL_EXTENSIONS = YES;
				CLANG_ANALYZER_NONNULL = YES;
				CLANG_ANALYZER_NUMBER_OBJECT_CONVERSION = YES_AGGRESSIVE;
				CLANG_CXX_LANGUAGE_STANDARD = "gnu++20";
				CLANG_ENABLE_MODULES = YES;
				CLANG_ENABLE_OBJC_ARC = YES;
				CLANG_ENABLE_OBJC_WEAK = YES;
				CLANG_WARN_BLOCK_CAPTURE_AUTORELEASING = YES;
				CLANG_WARN_BOOL_CONVERSION = YES;
				CLANG_WARN_COMMA = YES;
				CLANG_WARN_CONSTANT_CONVERSION = YES;
				CLANG_WARN_DEPRECATED_OBJC_IMPLEMENTATIONS = YES;
				CLANG_WARN_DIRECT_OBJC_ISA_USAGE = YES_ERROR;
				CLANG_WARN_DOCUMENTATION_COMMENTS = YES;
				CLANG_WARN_EMPTY_BODY = YES;
				CLANG_WARN_ENUM_CONVERSION = YES;
				CLANG_WARN_INFINITE_RECURSION = YES;
				CLANG_WARN_INT_CONVERSION = YES;
				CLANG_WARN_NON_LITERAL_NULL_CONVERSION = YES;
				CLANG_WARN_OBJC_IMPLICIT_RETAIN_SELF = YES;
				CLANG_WARN_OBJC_LITERAL_CONVERSION = YES;
				CLANG_WARN_OBJC_ROOT_CLASS = YES_ERROR;
				CLANG_WARN_QUOTED_INCLUDE_IN_FRAMEWORK_HEADER = YES;
				CLANG_WARN_RANGE_LOOP_ANALYSIS = YES;
				CLANG_WARN_STRICT_PROTOTYPES = YES;
				CLANG_WARN_SUSPICIOUS_MOVE = YES;
				CLANG_WARN_UNGUARDED_AVAILABILITY = YES_AGGRESSIVE;
				CLANG_WARN_UNREACHABLE_CODE = YES;
				CLANG_WARN__DUPLICATE_METHOD_MATCH = YES;
				COPY_PHASE_STRIP = NO;
				DEBUG_INFORMATION_FORMAT = "dwarf-with-dsym";
				ENABLE_NS_ASSERTIONS = NO;
				ENABLE_STRICT_OBJC_MSGSEND = YES;
				ENABLE_USER_SCRIPT_SANDBOXING = YES;
				GCC_C_LANGUAGE_STANDARD = gnu17;
				GCC_NO_COMMON_BLOCKS = YES;
				GCC_WARN_64_TO_32_BIT_CONVERSION = YES;
				GCC_WARN_ABOUT_RETURN_TYPE = YES_ERROR;
				GCC_WARN_UNDECLARED_SELECTOR = YES;
				GCC_WARN_UNINITIALIZED_AUTOS = YES_AGGRESSIVE;
				GCC_WARN_UNUSED_FUNCTION = YES;
				GCC_WARN_UNUSED_VARIABLE = YES;
				IPHONEOS_DEPLOYMENT_TARGET = 18.2;
				LOCALIZATION_PREFERS_STRING_CATALOGS = YES;
				MTL_ENABLE_DEBUG_INFO = NO;
				MTL_FAST_MATH = YES;
				SDKROOT = iphoneos;
				SWIFT_COMPILATION_MODE = wholemodule;
				VALIDATE_PRODUCT = YES;
			};
			name = Release;
		};
		654F45552E2FAB9700E9F256 /* Debug */ = {
			isa = XCBuildConfiguration;
			buildSettings = {
				ASSETCATALOG_COMPILER_APPICON_NAME = AppIcon;
				ASSETCATALOG_COMPILER_GLOBAL_ACCENT_COLOR_NAME = AccentColor;
				CODE_SIGN_STYLE = Automatic;
				CURRENT_PROJECT_VERSION = 1;
				DEVELOPMENT_ASSET_PATHS = "\"Cocktails 4.0/Preview Content\"";
				ENABLE_PREVIEWS = YES;
				GENERATE_INFOPLIST_FILE = YES;
				INFOPLIST_KEY_UIApplicationSceneManifest_Generation = YES;
				INFOPLIST_KEY_UIApplicationSupportsIndirectInputEvents = YES;
				INFOPLIST_KEY_UILaunchScreen_Generation = YES;
				INFOPLIST_KEY_UISupportedInterfaceOrientations_iPad = "UIInterfaceOrientationPortrait UIInterfaceOrientationPortraitUpsideDown UIInterfaceOrientationLandscapeLeft UIInterfaceOrientationLandscapeRight";
				INFOPLIST_KEY_UISupportedInterfaceOrientations_iPhone = "UIInterfaceOrientationPortrait UIInterfaceOrientationLandscapeLeft UIInterfaceOrientationLandscapeRight";
				LD_RUNPATH_SEARCH_PATHS = (
					"$(inherited)",
					"@executable_path/Frameworks",
				);
				MARKETING_VERSION = 1.0;
				PRODUCT_BUNDLE_IDENTIFIER = "com.myCocktails.Cocktails-4-0";
				PRODUCT_NAME = "$(TARGET_NAME)";
				SWIFT_EMIT_LOC_STRINGS = YES;
				SWIFT_VERSION = 5.0;
				TARGETED_DEVICE_FAMILY = "1,2";
			};
			name = Debug;
		};
		654F45562E2FAB9700E9F256 /* Release */ = {
			isa = XCBuildConfiguration;
			buildSettings = {
				ASSETCATALOG_COMPILER_APPICON_NAME = AppIcon;
				ASSETCATALOG_COMPILER_GLOBAL_ACCENT_COLOR_NAME = AccentColor;
				CODE_SIGN_STYLE = Automatic;
				CURRENT_PROJECT_VERSION = 1;
				DEVELOPMENT_ASSET_PATHS = "\"Cocktails 4.0/Preview Content\"";
				ENABLE_PREVIEWS = YES;
				GENERATE_INFOPLIST_FILE = YES;
				INFOPLIST_KEY_UIApplicationSceneManifest_Generation = YES;
				INFOPLIST_KEY_UIApplicationSupportsIndirectInputEvents = YES;
				INFOPLIST_KEY_UILaunchScreen_Generation = YES;
				INFOPLIST_KEY_UISupportedInterfaceOrientations_iPad = "UIInterfaceOrientationPortrait UIInterfaceOrientationPortraitUpsideDown UIInterfaceOrientationLandscapeLeft UIInterfaceOrientationLandscapeRight";
				INFOPLIST_KEY_UISupportedInterfaceOrientations_iPhone = "UIInterfaceOrientationPortrait UIInterfaceOrientationLandscapeLeft UIInterfaceOrientationLandscapeRight";
				LD_RUNPATH_SEARCH_PATHS = (
					"$(inherited)",
					"@executable_path/Frameworks",
				);
				MARKETING_VERSION = 1.0;
				PRODUCT_BUNDLE_IDENTIFIER = "com.myCocktails.Cocktails-4-0";
				PRODUCT_NAME = "$(TARGET_NAME)";
				SWIFT_EMIT_LOC_STRINGS = YES;
				SWIFT_VERSION = 5.0;
				TARGETED_DEVICE_FAMILY = "1,2";
			};
			name = Release;
		};
		654F45582E2FAB9700E9F256 /* Debug */ = {
			isa = XCBuildConfiguration;
			buildSettings = {
				BUNDLE_LOADER = "$(TEST_HOST)";
				CODE_SIGN_STYLE = Automatic;
				CURRENT_PROJECT_VERSION = 1;
				GENERATE_INFOPLIST_FILE = YES;
				IPHONEOS_DEPLOYMENT_TARGET = 18.2;
				MARKETING_VERSION = 1.0;
				PRODUCT_BUNDLE_IDENTIFIER = "com.myCocktails.Cocktails-4-0Tests";
				PRODUCT_NAME = "$(TARGET_NAME)";
				SWIFT_EMIT_LOC_STRINGS = NO;
				SWIFT_VERSION = 5.0;
				TARGETED_DEVICE_FAMILY = "1,2";
				TEST_HOST = "$(BUILT_PRODUCTS_DIR)/Cocktails 4.0.app/$(BUNDLE_EXECUTABLE_FOLDER_PATH)/Cocktails 4.0";
			};
			name = Debug;
		};
		654F45592E2FAB9700E9F256 /* Release */ = {
			isa = XCBuildConfiguration;
			buildSettings = {
				BUNDLE_LOADER = "$(TEST_HOST)";
				CODE_SIGN_STYLE = Automatic;
				CURRENT_PROJECT_VERSION = 1;
				GENERATE_INFOPLIST_FILE = YES;
				IPHONEOS_DEPLOYMENT_TARGET = 18.2;
				MARKETING_VERSION = 1.0;
				PRODUCT_BUNDLE_IDENTIFIER = "com.myCocktails.Cocktails-4-0Tests";
				PRODUCT_NAME = "$(TARGET_NAME)";
				SWIFT_EMIT_LOC_STRINGS = NO;
				SWIFT_VERSION = 5.0;
				TARGETED_DEVICE_FAMILY = "1,2";
				TEST_HOST = "$(BUILT_PRODUCTS_DIR)/Cocktails 4.0.app/$(BUNDLE_EXECUTABLE_FOLDER_PATH)/Cocktails 4.0";
			};
			name = Release;
		};
		654F455B2E2FAB9700E9F256 /* Debug */ = {
			isa = XCBuildConfiguration;
			buildSettings = {
				CODE_SIGN_STYLE = Automatic;
				CURRENT_PROJECT_VERSION = 1;
				GENERATE_INFOPLIST_FILE = YES;
				MARKETING_VERSION = 1.0;
				PRODUCT_BUNDLE_IDENTIFIER = "com.myCocktails.Cocktails-4-0UITests";
				PRODUCT_NAME = "$(TARGET_NAME)";
				SWIFT_EMIT_LOC_STRINGS = NO;
				SWIFT_VERSION = 5.0;
				TARGETED_DEVICE_FAMILY = "1,2";
				TEST_TARGET_NAME = "Cocktails 4.0";
			};
			name = Debug;
		};
		654F455C2E2FAB9700E9F256 /* Release */ = {
			isa = XCBuildConfiguration;
			buildSettings = {
				CODE_SIGN_STYLE = Automatic;
				CURRENT_PROJECT_VERSION = 1;
				GENERATE_INFOPLIST_FILE = YES;
				MARKETING_VERSION = 1.0;
				PRODUCT_BUNDLE_IDENTIFIER = "com.myCocktails.Cocktails-4-0UITests";
				PRODUCT_NAME = "$(TARGET_NAME)";
				SWIFT_EMIT_LOC_STRINGS = NO;
				SWIFT_VERSION = 5.0;
				TARGETED_DEVICE_FAMILY = "1,2";
				TEST_TARGET_NAME = "Cocktails 4.0";
			};
			name = Release;
		};
/* End XCBuildConfiguration section */

/* Begin XCConfigurationList section */
		654F45292E2FAB9600E9F256 /* Build configuration list for PBXProject "Cocktails 4.0" */ = {
			isa = XCConfigurationList;
			buildConfigurations = (
				654F45522E2FAB9700E9F256 /* Debug */,
				654F45532E2FAB9700E9F256 /* Release */,
			);
			defaultConfigurationIsVisible = 0;
			defaultConfigurationName = Release;
		};
		654F45542E2FAB9700E9F256 /* Build configuration list for PBXNativeTarget "Cocktails 4.0" */ = {
			isa = XCConfigurationList;
			buildConfigurations = (
				654F45552E2FAB9700E9F256 /* Debug */,
				654F45562E2FAB9700E9F256 /* Release */,
			);
			defaultConfigurationIsVisible = 0;
			defaultConfigurationName = Release;
		};
		654F45572E2FAB9700E9F256 /* Build configuration list for PBXNativeTarget "Cocktails 4.0Tests" */ = {
			isa = XCConfigurationList;
			buildConfigurations = (
				654F45582E2FAB9700E9F256 /* Debug */,
				654F45592E2FAB9700E9F256 /* Release */,
			);
			defaultConfigurationIsVisible = 0;
			defaultConfigurationName = Release;
		};
		654F455A2E2FAB9700E9F256 /* Build configuration list for PBXNativeTarget "Cocktails 4.0UITests" */ = {
			isa = XCConfigurationList;
			buildConfigurations = (
				654F455B2E2FAB9700E9F256 /* Debug */,
				654F455C2E2FAB9700E9F256 /* Release */,
			);
			defaultConfigurationIsVisible = 0;
			defaultConfigurationName = Release;
		};
/* End XCConfigurationList section */

/* Begin XCRemoteSwiftPackageReference section */
		65846ADD2E840D9E00D0C78A /* XCRemoteSwiftPackageReference "keychain-swift" */ = {
			isa = XCRemoteSwiftPackageReference;
			repositoryURL = "https://github.com/evgenyneu/keychain-swift.git";
			requirement = {
				kind = upToNextMajorVersion;
				minimumVersion = 24.0.0;
			};
		};
/* End XCRemoteSwiftPackageReference section */

/* Begin XCSwiftPackageProductDependency section */
		65846ADE2E840D9E00D0C78A /* KeychainSwift */ = {
			isa = XCSwiftPackageProductDependency;
			package = 65846ADD2E840D9E00D0C78A /* XCRemoteSwiftPackageReference "keychain-swift" */;
			productName = KeychainSwift;
		};
/* End XCSwiftPackageProductDependency section */
	};
	rootObject = 654F45262E2FAB9600E9F256 /* Project object */;
}
